// !$*UTF8*$!
{
	archiveVersion = 1;
	classes = {
	};
	objectVersion = 46;
	objects = {

/* Begin PBXBuildFile section */
		C38760C61D5103E4001CFAE7 /* AppDelegate.swift in Sources */ = {isa = PBXBuildFile; fileRef = C38760C51D5103E4001CFAE7 /* AppDelegate.swift */; };
		C38760C81D5103E4001CFAE7 /* ViewController.swift in Sources */ = {isa = PBXBuildFile; fileRef = C38760C71D5103E4001CFAE7 /* ViewController.swift */; };
		C38760CB1D5103E4001CFAE7 /* Main.storyboard in Resources */ = {isa = PBXBuildFile; fileRef = C38760C91D5103E4001CFAE7 /* Main.storyboard */; };
		C38760CD1D5103E4001CFAE7 /* Assets.xcassets in Resources */ = {isa = PBXBuildFile; fileRef = C38760CC1D5103E4001CFAE7 /* Assets.xcassets */; };
		C38760D01D5103E4001CFAE7 /* LaunchScreen.storyboard in Resources */ = {isa = PBXBuildFile; fileRef = C38760CE1D5103E4001CFAE7 /* LaunchScreen.storyboard */; };
/* End PBXBuildFile section */

/* Begin PBXFileReference section */
		C38760C21D5103E4001CFAE7 /* Lionwolf.app */ = {isa = PBXFileReference; explicitFileType = wrapper.application; includeInIndex = 0; path = Lionwolf.app; sourceTree = BUILT_PRODUCTS_DIR; };
		C38760C51D5103E4001CFAE7 /* AppDelegate.swift */ = {isa = PBXFileReference; lastKnownFileType = sourcecode.swift; path = AppDelegate.swift; sourceTree = "<group>"; };
		C38760C71D5103E4001CFAE7 /* ViewController.swift */ = {isa = PBXFileReference; lastKnownFileType = sourcecode.swift; path = ViewController.swift; sourceTree = "<group>"; };
		C38760CA1D5103E4001CFAE7 /* Base */ = {isa = PBXFileReference; lastKnownFileType = file.storyboard; name = Base; path = Base.lproj/Main.storyboard; sourceTree = "<group>"; };
		C38760CC1D5103E4001CFAE7 /* Assets.xcassets */ = {isa = PBXFileReference; lastKnownFileType = folder.assetcatalog; path = Assets.xcassets; sourceTree = "<group>"; };
		C38760CF1D5103E4001CFAE7 /* Base */ = {isa = PBXFileReference; lastKnownFileType = file.storyboard; name = Base; path = Base.lproj/LaunchScreen.storyboard; sourceTree = "<group>"; };
		C38760D11D5103E4001CFAE7 /* Info.plist */ = {isa = PBXFileReference; lastKnownFileType = text.plist.xml; path = Info.plist; sourceTree = "<group>"; };
/* End PBXFileReference section */

/* Begin PBXFrameworksBuildPhase section */
		C38760BF1D5103E4001CFAE7 /* Frameworks */ = {
			isa = PBXFrameworksBuildPhase;
			buildActionMask = 2147483647;
			files = (
			);
			runOnlyForDeploymentPostprocessing = 0;
		};
/* End PBXFrameworksBuildPhase section */

/* Begin PBXGroup section */
		C38760B91D5103E4001CFAE7 = {
			isa = PBXGroup;
			children = (
				C38760C41D5103E4001CFAE7 /* Lionwolf */,
				C38760C31D5103E4001CFAE7 /* Products */,
			);
			sourceTree = "<group>";
		};
		C38760C31D5103E4001CFAE7 /* Products */ = {
			isa = PBXGroup;
			children = (
				C38760C21D5103E4001CFAE7 /* Lionwolf.app */,
			);
			name = Products;
			sourceTree = "<group>";
		};
		C38760C41D5103E4001CFAE7 /* Lionwolf */ = {
			isa = PBXGroup;
			children = (
				C38760C51D5103E4001CFAE7 /* AppDelegate.swift */,
				C38760C71D5103E4001CFAE7 /* ViewController.swift */,
				C38760C91D5103E4001CFAE7 /* Main.storyboard */,
				C38760CC1D5103E4001CFAE7 /* Assets.xcassets */,
				C38760CE1D5103E4001CFAE7 /* LaunchScreen.storyboard */,
				C38760D11D5103E4001CFAE7 /* Info.plist */,
			);
			path = Lionwolf;
			sourceTree = "<group>";
		};
/* End PBXGroup section */

/* Begin PBXNativeTarget section */
		C38760C11D5103E4001CFAE7 /* Lionwolf */ = {
			isa = PBXNativeTarget;
			buildConfigurationList = C38760D41D5103E4001CFAE7 /* Build configuration list for PBXNativeTarget "Lionwolf" */;
			buildPhases = (
				C38760BE1D5103E4001CFAE7 /* Sources */,
				C38760BF1D5103E4001CFAE7 /* Frameworks */,
				C38760C01D5103E4001CFAE7 /* Resources */,
			);
			buildRules = (
			);
			dependencies = (
			);
			name = Lionwolf;
			productName = Lionwolf;
			productReference = C38760C21D5103E4001CFAE7 /* Lionwolf.app */;
			productType = "com.apple.product-type.application";
		};
/* End PBXNativeTarget section */

/* Begin PBXProject section */
		C38760BA1D5103E4001CFAE7 /* Project object */ = {
			isa = PBXProject;
			attributes = {
				LastSwiftUpdateCheck = 0730;
				LastUpgradeCheck = 0730;
				ORGANIZATIONNAME = "Tony Merritt";
				TargetAttributes = {
					C38760C11D5103E4001CFAE7 = {
						CreatedOnToolsVersion = 7.3.1;
					};
				};
			};
			buildConfigurationList = C38760BD1D5103E4001CFAE7 /* Build configuration list for PBXProject "Lionwolf" */;
			compatibilityVersion = "Xcode 3.2";
			developmentRegion = English;
			hasScannedForEncodings = 0;
			knownRegions = (
				en,
				Base,
			);
			mainGroup = C38760B91D5103E4001CFAE7;
			productRefGroup = C38760C31D5103E4001CFAE7 /* Products */;
			projectDirPath = "";
			projectRoot = "";
			targets = (
				C38760C11D5103E4001CFAE7 /* Lionwolf */,
			);
		};
/* End PBXProject section */

/* Begin PBXResourcesBuildPhase section */
		C38760C01D5103E4001CFAE7 /* Resources */ = {
			isa = PBXResourcesBuildPhase;
			buildActionMask = 2147483647;
			files = (
				C38760D01D5103E4001CFAE7 /* LaunchScreen.storyboard in Resources */,
				C38760CD1D5103E4001CFAE7 /* Assets.xcassets in Resources */,
				C38760CB1D5103E4001CFAE7 /* Main.storyboard in Resources */,
			);
			runOnlyForDeploymentPostprocessing = 0;
		};
/* End PBXResourcesBuildPhase section */

/* Begin PBXSourcesBuildPhase section */
		C38760BE1D5103E4001CFAE7 /* Sources */ = {
			isa = PBXSourcesBuildPhase;
			buildActionMask = 2147483647;
			files = (
				C38760C81D5103E4001CFAE7 /* ViewController.swift in Sources */,
				C38760C61D5103E4001CFAE7 /* AppDelegate.swift in Sources */,
			);
			runOnlyForDeploymentPostprocessing = 0;
		};
/* End PBXSourcesBuildPhase section */

/* Begin PBXVariantGroup section */
		C38760C91D5103E4001CFAE7 /* Main.storyboard */ = {
			isa = PBXVariantGroup;
			children = (
				C38760CA1D5103E4001CFAE7 /* Base */,
			);
			name = Main.storyboard;
			sourceTree = "<group>";
		};
		C38760CE1D5103E4001CFAE7 /* LaunchScreen.storyboard */ = {
			isa = PBXVariantGroup;
			children = (
				C38760CF1D5103E4001CFAE7 /* Base */,
			);
			name = LaunchScreen.storyboard;
			sourceTree = "<group>";
		};
/* End PBXVariantGroup section */

/* Begin XCBuildConfiguration section */
		C38760D21D5103E4001CFAE7 /* Debug */ = {
			isa = XCBuildConfiguration;
			buildSettings = {
				ALWAYS_SEARCH_USER_PATHS = NO;
				CLANG_ANALYZER_NONNULL = YES;
				CLANG_CXX_LANGUAGE_STANDARD = "gnu++0x";
				CLANG_CXX_LIBRARY = "libc++";
				CLANG_ENABLE_MODULES = YES;
				CLANG_ENABLE_OBJC_ARC = YES;
				CLANG_WARN_BOOL_CONVERSION = YES;
				CLANG_WARN_CONSTANT_CONVERSION = YES;
				CLANG_WARN_DIRECT_OBJC_ISA_USAGE = YES_ERROR;
				CLANG_WARN_EMPTY_BODY = YES;
				CLANG_WARN_ENUM_CONVERSION = YES;
				CLANG_WARN_INT_CONVERSION = YES;
				CLANG_WARN_OBJC_ROOT_CLASS = YES_ERROR;
				CLANG_WARN_UNREACHABLE_CODE = YES;
				CLANG_WARN__DUPLICATE_METHOD_MATCH = YES;
				"CODE_SIGN_IDENTITY[sdk=iphoneos*]" = "iPhone Developer";
				COPY_PHASE_STRIP = NO;
				DEBUG_INFORMATION_FORMAT = dwarf;
				ENABLE_STRICT_OBJC_MSGSEND = YES;
				ENABLE_TESTABILITY = YES;
				GCC_C_LANGUAGE_STANDARD = gnu99;
				GCC_DYNAMIC_NO_PIC = NO;
				GCC_NO_COMMON_BLOCKS = YES;
				GCC_OPTIMIZATION_LEVEL = 0;
				GCC_PREPROCESSOR_DEFINITIONS = (
					"DEBUG=1",
					"$(inherited)",
				);
				GCC_WARN_64_TO_32_BIT_CONVERSION = YES;
				GCC_WARN_ABOUT_RETURN_TYPE = YES_ERROR;
				GCC_WARN_UNDECLARED_SELECTOR = YES;
				GCC_WARN_UNINITIALIZED_AUTOS = YES_AGGRESSIVE;
				GCC_WARN_UNUSED_FUNCTION = YES;
				GCC_WARN_UNUSED_VARIABLE = YES;
				IPHONEOS_DEPLOYMENT_TARGET = 9.3;
				MTL_ENABLE_DEBUG_INFO = YES;
				ONLY_ACTIVE_ARCH = YES;
				SDKROOT = iphoneos;
				SWIFT_OPTIMIZATION_LEVEL = "-Onone";
			};
			name = Debug;
		};
		C38760D31D5103E4001CFAE7 /* Release */ = {
			isa = XCBuildConfiguration;
			buildSettings = {
				ALWAYS_SEARCH_USER_PATHS = NO;
				CLANG_ANALYZER_NONNULL = YES;
				CLANG_CXX_LANGUAGE_STANDARD = "gnu++0x";
				CLANG_CXX_LIBRARY = "libc++";
				CLANG_ENABLE_MODULES = YES;
				CLANG_ENABLE_OBJC_ARC = YES;
				CLANG_WARN_BOOL_CONVERSION = YES;
				CLANG_WARN_CONSTANT_CONVERSION = YES;
				CLANG_WARN_DIRECT_OBJC_ISA_USAGE = YES_ERROR;
				CLANG_WARN_EMPTY_BODY = YES;
				CLANG_WARN_ENUM_CONVERSION = YES;
				CLANG_WARN_INT_CONVERSION = YES;
				CLANG_WARN_OBJC_ROOT_CLASS = YES_ERROR;
				CLANG_WARN_UNREACHABLE_CODE = YES;
				CLANG_WARN__DUPLICATE_METHOD_MATCH = YES;
				"CODE_SIGN_IDENTITY[sdk=iphoneos*]" = "iPhone Developer";
				COPY_PHASE_STRIP = NO;
				DEBUG_INFORMATION_FORMAT = "dwarf-with-dsym";
				ENABLE_NS_ASSERTIONS = NO;
				ENABLE_STRICT_OBJC_MSGSEND = YES;
				GCC_C_LANGUAGE_STANDARD = gnu99;
				GCC_NO_COMMON_BLOCKS = YES;
				GCC_WARN_64_TO_32_BIT_CONVERSION = YES;
				GCC_WARN_ABOUT_RETURN_TYPE = YES_ERROR;
				GCC_WARN_UNDECLARED_SELECTOR = YES;
				GCC_WARN_UNINITIALIZED_AUTOS = YES_AGGRESSIVE;
				GCC_WARN_UNUSED_FUNCTION = YES;
				GCC_WARN_UNUSED_VARIABLE = YES;
				IPHONEOS_DEPLOYMENT_TARGET = 9.3;
				MTL_ENABLE_DEBUG_INFO = NO;
				SDKROOT = iphoneos;
				VALIDATE_PRODUCT = YES;
			};
			name = Release;
		};
		C38760D51D5103E4001CFAE7 /* Debug */ = {
			isa = XCBuildConfiguration;
			buildSettings = {
				ASSETCATALOG_COMPILER_APPICON_NAME = AppIcon;
				INFOPLIST_FILE = Lionwolf/Info.plist;
				LD_RUNPATH_SEARCH_PATHS = "$(inherited) @executable_path/Frameworks";
				PRODUCT_BUNDLE_IDENTIFIER = uk.TonyMerritt.Lionwolf;
				PRODUCT_NAME = "$(TARGET_NAME)";
			};
			name = Debug;
		};
		C38760D61D5103E4001CFAE7 /* Release */ = {
			isa = XCBuildConfiguration;
			buildSettings = {
				ASSETCATALOG_COMPILER_APPICON_NAME = AppIcon;
				INFOPLIST_FILE = Lionwolf/Info.plist;
				LD_RUNPATH_SEARCH_PATHS = "$(inherited) @executable_path/Frameworks";
				PRODUCT_BUNDLE_IDENTIFIER = uk.TonyMerritt.Lionwolf;
				PRODUCT_NAME = "$(TARGET_NAME)";
			};
			name = Release;
		};
/* End XCBuildConfiguration section */

/* Begin XCConfigurationList section */
		C38760BD1D5103E4001CFAE7 /* Build configuration list for PBXProject "Lionwolf" */ = {
			isa = XCConfigurationList;
			buildConfigurations = (
				C38760D21D5103E4001CFAE7 /* Debug */,
				C38760D31D5103E4001CFAE7 /* Release */,
			);
			defaultConfigurationIsVisible = 0;
			defaultConfigurationName = Release;
		};
		C38760D41D5103E4001CFAE7 /* Build configuration list for PBXNativeTarget "Lionwolf" */ = {
			isa = XCConfigurationList;
			buildConfigurations = (
				C38760D51D5103E4001CFAE7 /* Debug */,
				C38760D61D5103E4001CFAE7 /* Release */,
			);
			defaultConfigurationIsVisible = 0;
		};
/* End XCConfigurationList section */
	};
	rootObject = C38760BA1D5103E4001CFAE7 /* Project object */;
}
